
Microsoft Visual Studio Solution File, Format Version 12.00
# Visual Studio Version 16
VisualStudioVersion = 16.0.29111.141
MinimumVisualStudioVersion = 10.0.40219.1
Project("{FAE04EC0-301F-11D3-BF4B-00C04F79EFBC}") = "LayoutVisual", "LayoutVisual\LayoutVisual.csproj", "{1B20CCDB-B307-4D1C-A02F-D1EDB22E0D0C}"
EndProject
Global
	GlobalSection(SolutionConfigurationPlatforms) = preSolution
		Debug|Any CPU = Debug|Any CPU
		Release|Any CPU = Release|Any CPU
	EndGlobalSection
	GlobalSection(ProjectConfigurationPlatforms) = postSolution
		{1B20CCDB-B307-4D1C-A02F-D1EDB22E0D0C}.Debug|Any CPU.ActiveCfg = Debug|Any CPU
		{1B20CCDB-B307-4D1C-A02F-D1EDB22E0D0C}.Debug|Any CPU.Build.0 = Debug|Any CPU
		{1B20CCDB-B307-4D1C-A02F-D1EDB22E0D0C}.Release|Any CPU.ActiveCfg = Release|Any CPU
		{1B20CCDB-B307-4D1C-A02F-D1EDB22E0D0C}.Release|Any CPU.Build.0 = Release|Any CPU
	EndGlobalSection
	GlobalSection(SolutionProperties) = preSolution
		HideSolutionNode = FALSE
	EndGlobalSection
	GlobalSection(ExtensibilityGlobals) = postSolution
		SolutionGuid = {F5220576-3096-42C7-88B2-8D7285A7668C}
	EndGlobalSection
EndGlobal
